<?xml version="1.0" encoding="utf-8"?>
<Project ToolsVersion="4.0" xmlns="http://schemas.microsoft.com/developer/msbuild/2003">
  <ItemGroup>
    <Filter Include="源文件">
      <UniqueIdentifier>{4FC737F1-C7A5-4376-A066-2A32D752A2FF}</UniqueIdentifier>
      <Extensions>cpp;c;cc;cxx;def;odl;idl;hpj;bat;asm;asmx</Extensions>
    </Filter>
    <Filter Include="头文件">
      <UniqueIdentifier>{93995380-89BD-4b04-88EB-625FBE52EBFB}</UniqueIdentifier>
      <Extensions>h;hpp;hxx;hm;inl;inc;xsd</Extensions>
    </Filter>
    <Filter Include="资源文件">
      <UniqueIdentifier>{67DA6AB6-F800-4c08-8B7A-83BB121AAD01}</UniqueIdentifier>
      <Extensions>rc;ico;cur;bmp;dlg;rc2;rct;bin;rgs;gif;jpg;jpeg;jpe;resx;tiff;tif;png;wav;mfcribbon-ms</Extensions>
    </Filter>
    <Filter Include="功能模块">
      <UniqueIdentifier>{bbfc54c3-8cd0-4857-b247-ddafb29fd749}</UniqueIdentifier>
    </Filter>
    <Filter Include="功能模块\角色数据模块">
      <UniqueIdentifier>{3eaebdd9-f009-4b54-af1d-a16b1a2a1ab4}</UniqueIdentifier>
    </Filter>
    <Filter Include="db_proto">
      <UniqueIdentifier>{99860bba-2005-406c-915b-7788da8712cf}</UniqueIdentifier>
    </Filter>
    <Filter Include="功能模块\英雄模块">
      <UniqueIdentifier>{8f02be93-07d7-47ab-94a4-3eaa790ce8a3}</UniqueIdentifier>
    </Filter>
    <Filter Include="功能模块\道具模块">
      <UniqueIdentifier>{c718a70c-99a8-4f4d-b1b8-271ce45e4cd9}</UniqueIdentifier>
    </Filter>
    <Filter Include="client_proto">
      <UniqueIdentifier>{5d6bf1a6-8976-4ef5-bed0-7da6f103e145}</UniqueIdentifier>
    </Filter>
    <Filter Include="server_proto">
      <UniqueIdentifier>{62e028b8-2f0a-4b2c-ac0b-276ca5e0314b}</UniqueIdentifier>
    </Filter>
    <Filter Include="功能模块\战斗">
      <UniqueIdentifier>{f83c65a6-0a82-4e9c-ab72-073b09bb04d7}</UniqueIdentifier>
    </Filter>
    <Filter Include="功能模块\阵容模块">
      <UniqueIdentifier>{c1f518e1-c093-45d5-a4a5-99b211b64e59}</UniqueIdentifier>
    </Filter>
  </ItemGroup>
  <ItemGroup>
    <ClCompile Include="player.cpp">
      <Filter>源文件</Filter>
    </ClCompile>
    <ClCompile Include="player_message_handler.cpp">
      <Filter>源文件</Filter>
    </ClCompile>
    <ClCompile Include="player_factory.cpp">
      <Filter>源文件</Filter>
    </ClCompile>
    <ClCompile Include="..\proto\client_proto_src\c2s_update_name_request.pb.cc">
      <Filter>client_proto</Filter>
    </ClCompile>
    <ClCompile Include="..\proto\client_proto_src\c2s_update_name_response.pb.cc">
      <Filter>client_proto</Filter>
    </ClCompile>
    <ClCompile Include="player_attribute_module.cpp">
      <Filter>功能模块\角色数据模块</Filter>
    </ClCompile>
    <ClCompile Include="..\proto\db_proto_src\player_base.pb.cc">
      <Filter>db_proto</Filter>
    </ClCompile>
    <ClCompile Include="player_module.cpp">
      <Filter>源文件</Filter>
    </ClCompile>
    <ClCompile Include="player_mgr.cpp">
      <Filter>源文件</Filter>
    </ClCompile>
    <ClCompile Include="..\proto\db_proto_src\db_option.pb.cc">
      <Filter>db_proto</Filter>
    </ClCompile>
    <ClCompile Include="game_service.cpp">
      <Filter>源文件</Filter>
    </ClCompile>
    <ClCompile Include="game_service_message_handler.cpp">
      <Filter>源文件</Filter>
    </ClCompile>
    <ClCompile Include="event_dispatcher.cpp">
      <Filter>源文件</Filter>
    </ClCompile>
    <ClCompile Include="event_handler.cpp">
      <Filter>源文件</Filter>
    </ClCompile>
    <ClCompile Include="..\proto\client_proto_src\c2s_gm_command_request.pb.cc">
      <Filter>client_proto</Filter>
    </ClCompile>
    <ClCompile Include="..\proto\client_proto_src\c2s_gm_command_response.pb.cc">
      <Filter>client_proto</Filter>
    </ClCompile>
    <ClCompile Include="gm_command_mgr.cpp">
      <Filter>源文件</Filter>
    </ClCompile>
    <ClCompile Include="player_hero_module.cpp">
      <Filter>功能模块\英雄模块</Filter>
    </ClCompile>
    <ClCompile Include="player_item_module.cpp">
      <Filter>功能模块\道具模块</Filter>
    </ClCompile>
    <ClCompile Include="base_static_config.cpp">
      <Filter>源文件</Filter>
    </ClCompile>
    <ClCompile Include="base_static_config_mgr.cpp">
      <Filter>源文件</Filter>
    </ClCompile>
    <ClCompile Include="hero_static_config.cpp">
      <Filter>功能模块\英雄模块</Filter>
    </ClCompile>
    <ClCompile Include="item_static_config.cpp">
      <Filter>功能模块\道具模块</Filter>
    </ClCompile>
    <ClCompile Include="player_hero_message_handler.cpp">
      <Filter>功能模块\英雄模块</Filter>
    </ClCompile>
    <ClCompile Include="..\proto\client_proto_src\s2c_player_attribute_notify.pb.cc">
      <Filter>client_proto</Filter>
    </ClCompile>
    <ClCompile Include="..\proto\client_proto_src\s2c_player_login_complete_notify.pb.cc">
      <Filter>client_proto</Filter>
    </ClCompile>
    <ClCompile Include="..\proto\client_proto_src\s2c_update_player_attribute_notify.pb.cc">
      <Filter>client_proto</Filter>
    </ClCompile>
    <ClCompile Include="..\proto\client_proto_src\c2s_active_hero_patch_request.pb.cc">
      <Filter>client_proto</Filter>
    </ClCompile>
    <ClCompile Include="..\proto\client_proto_src\c2s_active_hero_patch_response.pb.cc">
      <Filter>client_proto</Filter>
    </ClCompile>
    <ClCompile Include="..\proto\client_proto_src\c2s_active_hero_request.pb.cc">
      <Filter>client_proto</Filter>
    </ClCompile>
    <ClCompile Include="..\proto\client_proto_src\c2s_active_hero_response.pb.cc">
      <Filter>client_proto</Filter>
    </ClCompile>
    <ClCompile Include="lv_static_config.cpp">
      <Filter>功能模块\角色数据模块</Filter>
    </ClCompile>
    <ClCompile Include="..\proto\db_proto_src\player_item.pb.cc">
      <Filter>db_proto</Filter>
    </ClCompile>
    <ClCompile Include="..\proto\client_proto_src\s2c_player_item_notify.pb.cc">
      <Filter>client_proto</Filter>
    </ClCompile>
    <ClCompile Include="..\proto\client_proto_src\s2c_add_player_item_notify.pb.cc">
      <Filter>client_proto</Filter>
    </ClCompile>
    <ClCompile Include="..\proto\client_proto_src\s2c_del_player_item_notify.pb.cc">
      <Filter>client_proto</Filter>
    </ClCompile>
    <ClCompile Include="hero_patch_static_config.cpp">
      <Filter>功能模块\英雄模块</Filter>
    </ClCompile>
    <ClCompile Include="..\proto\db_proto_src\player_hero.pb.cc">
      <Filter>db_proto</Filter>
    </ClCompile>
    <ClCompile Include="..\proto\client_proto_src\s2c_player_hero_notify.pb.cc">
      <Filter>client_proto</Filter>
    </ClCompile>
    <ClCompile Include="player_item_message_handler.cpp">
      <Filter>功能模块\道具模块</Filter>
    </ClCompile>
    <ClCompile Include="..\proto\client_proto_src\s2c_active_player_hero_notify.pb.cc">
      <Filter>client_proto</Filter>
    </ClCompile>
    <ClCompile Include="..\proto\client_proto_src\s2c_active_player_hero_patch_notify.pb.cc">
      <Filter>client_proto</Filter>
    </ClCompile>
    <ClCompile Include="..\proto\server_proto_src\g2s_player_enter_request.pb.cc">
      <Filter>server_proto</Filter>
    </ClCompile>
    <ClCompile Include="..\proto\server_proto_src\g2s_player_enter_response.pb.cc">
      <Filter>server_proto</Filter>
    </ClCompile>
    <ClCompile Include="..\proto\server_proto_src\g2s_player_heartbeat_notify.pb.cc">
      <Filter>server_proto</Filter>
    </ClCompile>
    <ClCompile Include="..\proto\server_proto_src\g2s_player_leave_notify.pb.cc">
      <Filter>server_proto</Filter>
    </ClCompile>
    <ClCompile Include="..\proto\server_proto_src\s2d_online_count_notify.pb.cc">
      <Filter>server_proto</Filter>
    </ClCompile>
    <ClCompile Include="..\proto\server_proto_src\s2g_kick_player_notify.pb.cc">
      <Filter>server_proto</Filter>
    </ClCompile>
    <ClCompile Include="..\proto\server_proto_src\s2u_player_heartbeat_request.pb.cc">
      <Filter>server_proto</Filter>
    </ClCompile>
    <ClCompile Include="..\proto\server_proto_src\s2u_player_heartbeat_response.pb.cc">
      <Filter>server_proto</Filter>
    </ClCompile>
    <ClCompile Include="..\proto\server_proto_src\s2u_player_leave_notify.pb.cc">
      <Filter>server_proto</Filter>
    </ClCompile>
    <ClCompile Include="..\proto\server_proto_src\u2s_kick_player_notify.pb.cc">
      <Filter>server_proto</Filter>
    </ClCompile>
    <ClCompile Include="player_battlearray_module.cpp">
      <Filter>功能模块\阵容模块</Filter>
    </ClCompile>
  </ItemGroup>
  <ItemGroup>
    <ClInclude Include="player.h">
      <Filter>头文件</Filter>
    </ClInclude>
    <ClInclude Include="player_message_handler.h">
      <Filter>头文件</Filter>
    </ClInclude>
    <ClInclude Include="player_factory.h">
      <Filter>头文件</Filter>
    </ClInclude>
    <ClInclude Include="..\proto\client_proto_src\c2s_update_name_request.pb.h">
      <Filter>client_proto</Filter>
    </ClInclude>
    <ClInclude Include="..\proto\client_proto_src\c2s_update_name_response.pb.h">
      <Filter>client_proto</Filter>
    </ClInclude>
    <ClInclude Include="player_module.h">
      <Filter>头文件</Filter>
    </ClInclude>
    <ClInclude Include="player_attribute_module_interface.h">
      <Filter>功能模块\角色数据模块</Filter>
    </ClInclude>
    <ClInclude Include="player_module_event.h">
      <Filter>头文件</Filter>
    </ClInclude>
    <ClInclude Include="player_attribute_module.h">
      <Filter>功能模块\角色数据模块</Filter>
    </ClInclude>
    <ClInclude Include="..\proto\db_proto_src\player_base.pb.h">
      <Filter>db_proto</Filter>
    </ClInclude>
    <ClInclude Include="player_mgr.h">
      <Filter>头文件</Filter>
    </ClInclude>
    <ClInclude Include="..\proto\db_proto_src\db_option.pb.h">
      <Filter>db_proto</Filter>
    </ClInclude>
    <ClInclude Include="game_service.h">
      <Filter>头文件</Filter>
    </ClInclude>
    <ClInclude Include="game_service_message_handler.h">
      <Filter>头文件</Filter>
    </ClInclude>
    <ClInclude Include="event_dispatcher.h">
      <Filter>头文件</Filter>
    </ClInclude>
    <ClInclude Include="event_handler.h">
      <Filter>头文件</Filter>
    </ClInclude>
    <ClInclude Include="event.h">
      <Filter>头文件</Filter>
    </ClInclude>
    <ClInclude Include="gm_command_mgr.h">
      <Filter>头文件</Filter>
    </ClInclude>
    <ClInclude Include="..\proto\client_proto_src\c2s_gm_command_request.pb.h">
      <Filter>client_proto</Filter>
    </ClInclude>
    <ClInclude Include="..\proto\client_proto_src\c2s_gm_command_response.pb.h">
      <Filter>client_proto</Filter>
    </ClInclude>
    <ClInclude Include="player_hero_module.h">
      <Filter>功能模块\英雄模块</Filter>
    </ClInclude>
    <ClInclude Include="player_hero_module_interface.h">
      <Filter>功能模块\英雄模块</Filter>
    </ClInclude>
    <ClInclude Include="player_item_module.h">
      <Filter>功能模块\道具模块</Filter>
    </ClInclude>
    <ClInclude Include="player_item_module_interface.h">
      <Filter>功能模块\道具模块</Filter>
    </ClInclude>
    <ClInclude Include="base_static_config.h">
      <Filter>头文件</Filter>
    </ClInclude>
    <ClInclude Include="base_static_config_mgr.h">
      <Filter>头文件</Filter>
    </ClInclude>
    <ClInclude Include="hero_static_config.h">
      <Filter>功能模块\英雄模块</Filter>
    </ClInclude>
    <ClInclude Include="item_static_config.h">
      <Filter>功能模块\道具模块</Filter>
    </ClInclude>
    <ClInclude Include="player_hero_message_handler.h">
      <Filter>功能模块\英雄模块</Filter>
    </ClInclude>
    <ClInclude Include="shell_common.h">
      <Filter>头文件</Filter>
    </ClInclude>
    <ClInclude Include="..\proto\client_proto_src\s2c_player_attribute_notify.pb.h">
      <Filter>client_proto</Filter>
    </ClInclude>
    <ClInclude Include="..\proto\client_proto_src\s2c_player_login_complete_notify.pb.h">
      <Filter>client_proto</Filter>
    </ClInclude>
    <ClInclude Include="..\proto\client_proto_src\s2c_update_player_attribute_notify.pb.h">
      <Filter>client_proto</Filter>
    </ClInclude>
    <ClInclude Include="..\proto\client_proto_src\c2s_active_hero_patch_request.pb.h">
      <Filter>client_proto</Filter>
    </ClInclude>
    <ClInclude Include="..\proto\client_proto_src\c2s_active_hero_patch_response.pb.h">
      <Filter>client_proto</Filter>
    </ClInclude>
    <ClInclude Include="..\proto\client_proto_src\c2s_active_hero_request.pb.h">
      <Filter>client_proto</Filter>
    </ClInclude>
    <ClInclude Include="..\proto\client_proto_src\c2s_active_hero_response.pb.h">
      <Filter>client_proto</Filter>
    </ClInclude>
    <ClInclude Include="lv_static_config.h">
      <Filter>功能模块\角色数据模块</Filter>
    </ClInclude>
    <ClInclude Include="..\proto\db_proto_src\player_item.pb.h">
      <Filter>db_proto</Filter>
    </ClInclude>
    <ClInclude Include="..\proto\client_proto_src\s2c_player_item_notify.pb.h">
      <Filter>client_proto</Filter>
    </ClInclude>
    <ClInclude Include="..\proto\client_proto_src\s2c_add_player_item_notify.pb.h">
      <Filter>client_proto</Filter>
    </ClInclude>
    <ClInclude Include="..\proto\client_proto_src\s2c_del_player_item_notify.pb.h">
      <Filter>client_proto</Filter>
    </ClInclude>
    <ClInclude Include="hero_patch_static_config.h">
      <Filter>功能模块\英雄模块</Filter>
    </ClInclude>
    <ClInclude Include="..\proto\db_proto_src\player_hero.pb.h">
      <Filter>db_proto</Filter>
    </ClInclude>
    <ClInclude Include="..\proto\client_proto_src\s2c_player_hero_notify.pb.h">
      <Filter>client_proto</Filter>
    </ClInclude>
    <ClInclude Include="..\common\error_code.h">
      <Filter>头文件</Filter>
    </ClInclude>
    <ClInclude Include="player_item_message_handler.h">
      <Filter>功能模块\道具模块</Filter>
    </ClInclude>
    <ClInclude Include="..\proto\client_proto_src\s2c_active_player_hero_notify.pb.h">
      <Filter>client_proto</Filter>
    </ClInclude>
    <ClInclude Include="..\proto\client_proto_src\s2c_active_player_hero_patch_notify.pb.h">
      <Filter>client_proto</Filter>
    </ClInclude>
    <ClInclude Include="..\proto\server_proto_src\g2s_player_enter_request.pb.h">
      <Filter>server_proto</Filter>
    </ClInclude>
    <ClInclude Include="..\proto\server_proto_src\g2s_player_enter_response.pb.h">
      <Filter>server_proto</Filter>
    </ClInclude>
    <ClInclude Include="..\proto\server_proto_src\g2s_player_heartbeat_notify.pb.h">
      <Filter>server_proto</Filter>
    </ClInclude>
    <ClInclude Include="..\proto\server_proto_src\g2s_player_leave_notify.pb.h">
      <Filter>server_proto</Filter>
    </ClInclude>
    <ClInclude Include="..\proto\server_proto_src\s2d_online_count_notify.pb.h">
      <Filter>server_proto</Filter>
    </ClInclude>
    <ClInclude Include="..\proto\server_proto_src\s2g_kick_player_notify.pb.h">
      <Filter>server_proto</Filter>
    </ClInclude>
    <ClInclude Include="..\proto\server_proto_src\s2u_player_heartbeat_request.pb.h">
      <Filter>server_proto</Filter>
    </ClInclude>
    <ClInclude Include="..\proto\server_proto_src\s2u_player_heartbeat_response.pb.h">
      <Filter>server_proto</Filter>
    </ClInclude>
    <ClInclude Include="..\proto\server_proto_src\s2u_player_leave_notify.pb.h">
      <Filter>server_proto</Filter>
    </ClInclude>
    <ClInclude Include="..\proto\server_proto_src\u2s_kick_player_notify.pb.h">
      <Filter>server_proto</Filter>
    </ClInclude>
    <ClInclude Include="battle.h">
      <Filter>功能模块\战斗</Filter>
    </ClInclude>
    <ClInclude Include="skill.h">
      <Filter>功能模块\战斗</Filter>
    </ClInclude>
    <ClInclude Include="player_battlearray_module_interface.h">
      <Filter>功能模块\阵容模块</Filter>
    </ClInclude>
    <ClInclude Include="player_battlearray_module.h">
      <Filter>功能模块\阵容模块</Filter>
    </ClInclude>
  </ItemGroup>
</Project>