<?xml version="1.0" encoding="utf-8"?>
<Project ToolsVersion="4.0" xmlns="http://schemas.microsoft.com/developer/msbuild/2003">
  <ItemGroup>
    <Filter Include="inc">
      <UniqueIdentifier>{be6e2eab-8a2e-431b-b1af-d6a619b2fce3}</UniqueIdentifier>
    </Filter>
    <Filter Include="src">
      <UniqueIdentifier>{1e5176fc-ae28-4774-96d4-c60e4c288dee}</UniqueIdentifier>
    </Filter>
  </ItemGroup>
  <ItemGroup>
    <ClInclude Include="..\..\inc\libBaseLua\lua_facade.h">
      <Filter>inc</Filter>
    </ClInclude>
    <ClInclude Include="lua_debug.h">
      <Filter>src</Filter>
    </ClInclude>
  </ItemGroup>
  <ItemGroup>
    <None Include="..\..\inc\libBaseLua\lua_facade.inl">
      <Filter>src</Filter>
    </None>
  </ItemGroup>
  <ItemGroup>
    <ClCompile Include="snapshot.cpp">
      <Filter>src</Filter>
    </ClCompile>
    <ClCompile Include="lua_facade.cpp">
      <Filter>src</Filter>
    </ClCompile>
    <ClCompile Include="lua_debug.cpp">
      <Filter>src</Filter>
    </ClCompile>
    <ClCompile Include="memory_new.cpp">
      <Filter>src</Filter>
    </ClCompile>
  </ItemGroup>
</Project>