<?xml version="1.0" encoding="utf-8"?>
<Project ToolsVersion="4.0" xmlns="http://schemas.microsoft.com/developer/msbuild/2003">
  <ItemGroup>
    <Filter Include="inc">
      <UniqueIdentifier>{04d0b719-f158-4ded-aa09-504a1755e8e6}</UniqueIdentifier>
    </Filter>
    <Filter Include="src">
      <UniqueIdentifier>{5c44a935-c5c1-4826-8d55-19478d97110b}</UniqueIdentifier>
    </Filter>
  </ItemGroup>
  <ItemGroup>
    <ClInclude Include="..\..\inc\libCoreCommon\ticker.h">
      <Filter>inc</Filter>
    </ClInclude>
    <ClInclude Include="..\..\inc\libCoreCommon\base_app.h">
      <Filter>inc</Filter>
    </ClInclude>
    <ClInclude Include="..\..\inc\libCoreCommon\base_connection.h">
      <Filter>inc</Filter>
    </ClInclude>
    <ClInclude Include="..\..\inc\libCoreCommon\base_connection_mgr.h">
      <Filter>inc</Filter>
    </ClInclude>
    <ClInclude Include="..\..\inc\libCoreCommon\base_object.h">
      <Filter>inc</Filter>
    </ClInclude>
    <ClInclude Include="..\..\inc\libCoreCommon\core_common.h">
      <Filter>inc</Filter>
    </ClInclude>
    <ClInclude Include="core_app.h">
      <Filter>src</Filter>
    </ClInclude>
    <ClInclude Include="core_connection.h">
      <Filter>src</Filter>
    </ClInclude>
    <ClInclude Include="core_connection_mgr.h">
      <Filter>src</Filter>
    </ClInclude>
    <ClInclude Include="fix_memory_pool.h">
      <Filter>src</Filter>
    </ClInclude>
    <ClInclude Include="monitor.h">
      <Filter>src</Filter>
    </ClInclude>
    <ClInclude Include="stdafx.h">
      <Filter>src</Filter>
    </ClInclude>
    <ClInclude Include="ticker_mgr.h">
      <Filter>src</Filter>
    </ClInclude>
    <ClInclude Include="core_connection_monitor.h">
      <Filter>src</Filter>
    </ClInclude>
    <ClInclude Include="..\..\inc\libCoreCommon\base_connection_factory.h">
      <Filter>inc</Filter>
    </ClInclude>
    <ClInclude Include="memory_hook.h">
      <Filter>src</Filter>
    </ClInclude>
    <ClInclude Include="..\..\inc\libCoreCommon\coroutine.h">
      <Filter>inc</Filter>
    </ClInclude>
    <ClInclude Include="coroutine_mgr.h">
      <Filter>src</Filter>
    </ClInclude>
    <ClInclude Include="coroutine_impl.h">
      <Filter>src</Filter>
    </ClInclude>
  </ItemGroup>
  <ItemGroup>
    <ClCompile Include="base_app.cpp">
      <Filter>src</Filter>
    </ClCompile>
    <ClCompile Include="base_connection.cpp">
      <Filter>src</Filter>
    </ClCompile>
    <ClCompile Include="base_connection_mgr.cpp">
      <Filter>src</Filter>
    </ClCompile>
    <ClCompile Include="base_object.cpp">
      <Filter>src</Filter>
    </ClCompile>
    <ClCompile Include="core_app.cpp">
      <Filter>src</Filter>
    </ClCompile>
    <ClCompile Include="core_connection.cpp">
      <Filter>src</Filter>
    </ClCompile>
    <ClCompile Include="core_connection_mgr.cpp">
      <Filter>src</Filter>
    </ClCompile>
    <ClCompile Include="fix_memory_pool.cpp">
      <Filter>src</Filter>
    </ClCompile>
    <ClCompile Include="monitor.cpp">
      <Filter>src</Filter>
    </ClCompile>
    <ClCompile Include="stdafx.cpp">
      <Filter>src</Filter>
    </ClCompile>
    <ClCompile Include="ticker.cpp">
      <Filter>src</Filter>
    </ClCompile>
    <ClCompile Include="ticker_mgr.cpp">
      <Filter>src</Filter>
    </ClCompile>
    <ClCompile Include="core_connection_monitor.cpp">
      <Filter>src</Filter>
    </ClCompile>
    <ClCompile Include="memory_hook.cpp">
      <Filter>src</Filter>
    </ClCompile>
    <ClCompile Include="coroutine_mgr.cpp">
      <Filter>src</Filter>
    </ClCompile>
    <ClCompile Include="coroutine.cpp">
      <Filter>src</Filter>
    </ClCompile>
    <ClCompile Include="coroutine_impl.cpp">
      <Filter>src</Filter>
    </ClCompile>
  </ItemGroup>
</Project>