<?xml version="1.0" encoding="utf-8"?>
<Project ToolsVersion="4.0" xmlns="http://schemas.microsoft.com/developer/msbuild/2003">
  <ItemGroup>
    <Filter Include="inc">
      <UniqueIdentifier>{04d0b719-f158-4ded-aa09-504a1755e8e6}</UniqueIdentifier>
    </Filter>
    <Filter Include="src">
      <UniqueIdentifier>{5c44a935-c5c1-4826-8d55-19478d97110b}</UniqueIdentifier>
    </Filter>
    <Filter Include="inc\actor">
      <UniqueIdentifier>{8d7ba1a0-c726-48aa-b052-fac7d5e22d09}</UniqueIdentifier>
    </Filter>
    <Filter Include="inc\service_base">
      <UniqueIdentifier>{5b3d8783-33ab-49f5-b0ca-2cb105340f44}</UniqueIdentifier>
    </Filter>
    <Filter Include="src\actor">
      <UniqueIdentifier>{f908d546-9805-4756-bd5f-8f5475c28581}</UniqueIdentifier>
    </Filter>
    <Filter Include="src\service_base">
      <UniqueIdentifier>{11395801-8389-4db4-b185-3fd6e7f2f0c7}</UniqueIdentifier>
    </Filter>
    <Filter Include="inc\framework">
      <UniqueIdentifier>{7b3107e2-caa8-41d9-8cdf-64d811625057}</UniqueIdentifier>
    </Filter>
    <Filter Include="src\framework">
      <UniqueIdentifier>{a20f5320-00dc-4cb3-8e30-069100a6d27f}</UniqueIdentifier>
    </Filter>
  </ItemGroup>
  <ItemGroup>
    <ClInclude Include="..\..\inc\libCoreCommon\ticker.h">
      <Filter>inc</Filter>
    </ClInclude>
    <ClInclude Include="..\..\inc\libCoreCommon\base_object.h">
      <Filter>inc</Filter>
    </ClInclude>
    <ClInclude Include="fix_memory_pool.h">
      <Filter>src</Filter>
    </ClInclude>
    <ClInclude Include="stdafx.h">
      <Filter>src</Filter>
    </ClInclude>
    <ClInclude Include="..\..\inc\libCoreCommon\actor_base.h">
      <Filter>inc\actor</Filter>
    </ClInclude>
    <ClInclude Include="..\..\inc\libCoreCommon\actor_id_converter.h">
      <Filter>inc\actor</Filter>
    </ClInclude>
    <ClInclude Include="..\..\inc\libCoreCommon\actor_message_registry.h">
      <Filter>inc\actor</Filter>
    </ClInclude>
    <ClInclude Include="..\..\inc\libCoreCommon\coroutine.h">
      <Filter>inc</Filter>
    </ClInclude>
    <ClInclude Include="..\..\inc\libCoreCommon\service_message_registry.h">
      <Filter>inc\service_base</Filter>
    </ClInclude>
    <ClInclude Include="..\..\inc\libCoreCommon\service_invoker.h">
      <Filter>inc\service_base</Filter>
    </ClInclude>
    <ClInclude Include="..\..\inc\libCoreCommon\service_base.h">
      <Filter>inc\service_base</Filter>
    </ClInclude>
    <ClInclude Include="coroutine_impl.h">
      <Filter>src</Filter>
    </ClInclude>
    <ClInclude Include="coroutine_mgr.h">
      <Filter>src</Filter>
    </ClInclude>
    <ClInclude Include="..\..\inc\libCoreCommon\base_app.h">
      <Filter>inc\framework</Filter>
    </ClInclude>
    <ClInclude Include="..\..\inc\libCoreCommon\base_connection.h">
      <Filter>inc\framework</Filter>
    </ClInclude>
    <ClInclude Include="..\..\inc\libCoreCommon\base_connection_factory.h">
      <Filter>inc\framework</Filter>
    </ClInclude>
    <ClInclude Include="..\..\inc\libCoreCommon\base_connection_mgr.h">
      <Filter>inc\framework</Filter>
    </ClInclude>
    <ClInclude Include="..\..\inc\libCoreCommon\core_common.h">
      <Filter>inc</Filter>
    </ClInclude>
    <ClInclude Include="..\..\inc\libCoreCommon\proto_system.h">
      <Filter>inc</Filter>
    </ClInclude>
    <ClInclude Include="..\..\inc\libCoreCommon\future.h">
      <Filter>inc</Filter>
    </ClInclude>
    <ClInclude Include="..\..\inc\libCoreCommon\promise.h">
      <Filter>inc</Filter>
    </ClInclude>
    <ClInclude Include="..\..\inc\libCoreCommon\when_all.h">
      <Filter>inc</Filter>
    </ClInclude>
    <ClInclude Include="core_common_define.h">
      <Filter>src</Filter>
    </ClInclude>
    <ClInclude Include="actor_scheduler.h">
      <Filter>src\actor</Filter>
    </ClInclude>
    <ClInclude Include="base_connection_other_node.h">
      <Filter>src\framework</Filter>
    </ClInclude>
    <ClInclude Include="base_connection_to_master.h">
      <Filter>src\framework</Filter>
    </ClInclude>
    <ClInclude Include="core_app.h">
      <Filter>src\framework</Filter>
    </ClInclude>
    <ClInclude Include="core_connection.h">
      <Filter>src\framework</Filter>
    </ClInclude>
    <ClInclude Include="core_connection_mgr.h">
      <Filter>src\framework</Filter>
    </ClInclude>
    <ClInclude Include="core_connection_monitor.h">
      <Filter>src\framework</Filter>
    </ClInclude>
    <ClInclude Include="logic_message_queue.h">
      <Filter>src\framework</Filter>
    </ClInclude>
    <ClInclude Include="logic_runnable.h">
      <Filter>src\framework</Filter>
    </ClInclude>
    <ClInclude Include="message_dispatcher.h">
      <Filter>src\framework</Filter>
    </ClInclude>
    <ClInclude Include="message_command.h">
      <Filter>src\framework</Filter>
    </ClInclude>
    <ClInclude Include="monitor.h">
      <Filter>src\framework</Filter>
    </ClInclude>
    <ClInclude Include="net_message_queue.h">
      <Filter>src\framework</Filter>
    </ClInclude>
    <ClInclude Include="net_runnable.h">
      <Filter>src\framework</Filter>
    </ClInclude>
    <ClInclude Include="node_connection_factory.h">
      <Filter>src\framework</Filter>
    </ClInclude>
    <ClInclude Include="ticker_runnable.h">
      <Filter>src\framework</Filter>
    </ClInclude>
    <ClInclude Include="transporter.h">
      <Filter>src\framework</Filter>
    </ClInclude>
    <ClInclude Include="..\..\inc\libCoreCommon\service_id_converter.h">
      <Filter>inc\service_base</Filter>
    </ClInclude>
    <ClInclude Include="service_registry_proxy.h">
      <Filter>src\framework</Filter>
    </ClInclude>
    <ClInclude Include="class_info_mgr.h">
      <Filter>src</Filter>
    </ClInclude>
    <ClInclude Include="..\..\inc\libCoreCommon\protobuf_factory.h">
      <Filter>inc\service_base</Filter>
    </ClInclude>
    <ClInclude Include="..\..\inc\libCoreCommon\default_protobuf_factory.h">
      <Filter>inc\service_base</Filter>
    </ClInclude>
    <ClInclude Include="base_connection_mgr_impl.h">
      <Filter>src\framework</Filter>
    </ClInclude>
    <ClInclude Include="..\..\inc\libCoreCommon\service_selector.h">
      <Filter>inc\service_base</Filter>
    </ClInclude>
    <ClInclude Include="random_service_selector.h">
      <Filter>src\service_base</Filter>
    </ClInclude>
    <ClInclude Include="hash_service_selector.h">
      <Filter>src\service_base</Filter>
    </ClInclude>
    <ClInclude Include="..\..\inc\libCoreCommon\actor_factory.h">
      <Filter>inc\actor</Filter>
    </ClInclude>
    <ClInclude Include="core_service.h">
      <Filter>src\service_base</Filter>
    </ClInclude>
    <ClInclude Include="core_service_mgr.h">
      <Filter>src\service_base</Filter>
    </ClInclude>
    <ClInclude Include="core_actor.h">
      <Filter>src\actor</Filter>
    </ClInclude>
  </ItemGroup>
  <ItemGroup>
    <ClCompile Include="fix_memory_pool.cpp">
      <Filter>src</Filter>
    </ClCompile>
    <ClCompile Include="stdafx.cpp">
      <Filter>src</Filter>
    </ClCompile>
    <ClCompile Include="ticker.cpp">
      <Filter>src</Filter>
    </ClCompile>
    <ClCompile Include="memory_new.cpp">
      <Filter>src</Filter>
    </ClCompile>
    <ClCompile Include="coroutine.cpp">
      <Filter>src</Filter>
    </ClCompile>
    <ClCompile Include="coroutine_impl.cpp">
      <Filter>src</Filter>
    </ClCompile>
    <ClCompile Include="coroutine_mgr.cpp">
      <Filter>src</Filter>
    </ClCompile>
    <ClCompile Include="actor_base.cpp">
      <Filter>src\actor</Filter>
    </ClCompile>
    <ClCompile Include="service_base.cpp">
      <Filter>src\service_base</Filter>
    </ClCompile>
    <ClCompile Include="actor_scheduler.cpp">
      <Filter>src\actor</Filter>
    </ClCompile>
    <ClCompile Include="base_app.cpp">
      <Filter>src\framework</Filter>
    </ClCompile>
    <ClCompile Include="base_connection.cpp">
      <Filter>src\framework</Filter>
    </ClCompile>
    <ClCompile Include="base_connection_mgr.cpp">
      <Filter>src\framework</Filter>
    </ClCompile>
    <ClCompile Include="base_connection_other_node.cpp">
      <Filter>src\framework</Filter>
    </ClCompile>
    <ClCompile Include="base_connection_to_master.cpp">
      <Filter>src\framework</Filter>
    </ClCompile>
    <ClCompile Include="core_app.cpp">
      <Filter>src\framework</Filter>
    </ClCompile>
    <ClCompile Include="core_connection.cpp">
      <Filter>src\framework</Filter>
    </ClCompile>
    <ClCompile Include="core_connection_mgr.cpp">
      <Filter>src\framework</Filter>
    </ClCompile>
    <ClCompile Include="core_connection_monitor.cpp">
      <Filter>src\framework</Filter>
    </ClCompile>
    <ClCompile Include="logic_message_queue.cpp">
      <Filter>src\framework</Filter>
    </ClCompile>
    <ClCompile Include="logic_runnable.cpp">
      <Filter>src\framework</Filter>
    </ClCompile>
    <ClCompile Include="message_dispatcher.cpp">
      <Filter>src\framework</Filter>
    </ClCompile>
    <ClCompile Include="monitor.cpp">
      <Filter>src\framework</Filter>
    </ClCompile>
    <ClCompile Include="net_message_queue.cpp">
      <Filter>src\framework</Filter>
    </ClCompile>
    <ClCompile Include="net_runnable.cpp">
      <Filter>src\framework</Filter>
    </ClCompile>
    <ClCompile Include="node_connection_factory.cpp">
      <Filter>src\framework</Filter>
    </ClCompile>
    <ClCompile Include="ticker_runnable.cpp">
      <Filter>src\framework</Filter>
    </ClCompile>
    <ClCompile Include="transporter.cpp">
      <Filter>src\framework</Filter>
    </ClCompile>
    <ClCompile Include="service_invoker.cpp">
      <Filter>src\service_base</Filter>
    </ClCompile>
    <ClCompile Include="service_registry_proxy.cpp">
      <Filter>src\framework</Filter>
    </ClCompile>
    <ClCompile Include="class_info_mgr.cpp">
      <Filter>src</Filter>
    </ClCompile>
    <ClCompile Include="base_object.cpp">
      <Filter>src</Filter>
    </ClCompile>
    <ClCompile Include="base_connection_mgr_impl.cpp">
      <Filter>src\framework</Filter>
    </ClCompile>
    <ClCompile Include="random_service_selector.cpp">
      <Filter>src\service_base</Filter>
    </ClCompile>
    <ClCompile Include="hash_service_selector.cpp">
      <Filter>src\service_base</Filter>
    </ClCompile>
    <ClCompile Include="core_service_mgr.cpp">
      <Filter>src\service_base</Filter>
    </ClCompile>
    <ClCompile Include="core_service.cpp">
      <Filter>src\service_base</Filter>
    </ClCompile>
    <ClCompile Include="core_actor.cpp">
      <Filter>src\actor</Filter>
    </ClCompile>
  </ItemGroup>
  <ItemGroup>
    <None Include="..\..\inc\libCoreCommon\actor_base.inl">
      <Filter>inc\actor</Filter>
    </None>
    <None Include="..\..\inc\libCoreCommon\actor_message_registry.inl">
      <Filter>inc\actor</Filter>
    </None>
    <None Include="..\..\inc\libCoreCommon\service_message_registry.inl">
      <Filter>inc\service_base</Filter>
    </None>
    <None Include="..\..\inc\libCoreCommon\service_invoker.inl">
      <Filter>inc\service_base</Filter>
    </None>
    <None Include="..\..\inc\libCoreCommon\future.inl">
      <Filter>inc</Filter>
    </None>
    <None Include="..\..\inc\libCoreCommon\promise.inl">
      <Filter>inc</Filter>
    </None>
    <None Include="..\..\inc\libCoreCommon\when_all.inl">
      <Filter>inc</Filter>
    </None>
    <None Include="..\..\inc\libCoreCommon\default_protobuf_factory.inl">
      <Filter>inc\service_base</Filter>
    </None>
  </ItemGroup>
</Project>