<?xml version="1.0" encoding="utf-8"?>
<Project ToolsVersion="4.0" xmlns="http://schemas.microsoft.com/developer/msbuild/2003">
  <ItemGroup>
    <Filter Include="inc">
      <UniqueIdentifier>{93995380-89BD-4b04-88EB-625FBE52EBFB}</UniqueIdentifier>
      <Extensions>h;hh;hpp;hxx;hm;inl;inc;xsd</Extensions>
    </Filter>
    <Filter Include="src">
      <UniqueIdentifier>{4FC737F1-C7A5-4376-A066-2A32D752A2FF}</UniqueIdentifier>
      <Extensions>cpp;c;cc;cxx;def;odl;idl;hpj;bat;asm;asmx</Extensions>
    </Filter>
    <Filter Include="inc\actor">
      <UniqueIdentifier>{0163f23a-b172-429b-b6e6-611a19251cfa}</UniqueIdentifier>
    </Filter>
  </ItemGroup>
  <ItemGroup>
    <Text Include="ReadMe.txt" />
  </ItemGroup>
  <ItemGroup>
    <ClInclude Include="stdafx.h">
      <Filter>src</Filter>
    </ClInclude>
    <ClInclude Include="targetver.h">
      <Filter>src</Filter>
    </ClInclude>
    <ClInclude Include="..\..\inc\libCoreServiceKit\cluster_invoker.h">
      <Filter>inc</Filter>
    </ClInclude>
    <ClInclude Include="..\..\inc\libCoreServiceKit\proto_system.h">
      <Filter>inc</Filter>
    </ClInclude>
    <ClInclude Include="..\..\inc\libCoreServiceKit\protobuf_helper.h">
      <Filter>inc</Filter>
    </ClInclude>
    <ClInclude Include="core_connection_to_master.h">
      <Filter>src</Filter>
    </ClInclude>
    <ClInclude Include="service_base.h">
      <Filter>src</Filter>
    </ClInclude>
    <ClInclude Include="transporter.h">
      <Filter>src</Filter>
    </ClInclude>
    <ClInclude Include="..\..\inc\libCoreServiceKit\core_service_kit_define.h">
      <Filter>inc</Filter>
    </ClInclude>
    <ClInclude Include="scheduler.h">
      <Filter>src</Filter>
    </ClInclude>
    <ClInclude Include="..\..\inc\libCoreServiceKit\core_service_app.h">
      <Filter>inc</Filter>
    </ClInclude>
    <ClInclude Include="core_service_app_impl.h">
      <Filter>src</Filter>
    </ClInclude>
    <ClInclude Include="base_actor_impl.h">
      <Filter>src</Filter>
    </ClInclude>
    <ClInclude Include="..\..\inc\libCoreServiceKit\base_actor_factory.h">
      <Filter>inc</Filter>
    </ClInclude>
    <ClInclude Include="..\..\inc\libCoreServiceKit\future.h">
      <Filter>inc</Filter>
    </ClInclude>
    <ClInclude Include="..\..\inc\libCoreServiceKit\promise.h">
      <Filter>inc</Filter>
    </ClInclude>
    <ClInclude Include="message_dispatcher.h">
      <Filter>src</Filter>
    </ClInclude>
    <ClInclude Include="core_message_registry.h">
      <Filter>src</Filter>
    </ClInclude>
    <ClInclude Include="..\..\inc\libCoreServiceKit\serialize_adapter.h">
      <Filter>inc</Filter>
    </ClInclude>
    <ClInclude Include="..\..\inc\libCoreServiceKit\native_serialize_adapter.h">
      <Filter>inc</Filter>
    </ClInclude>
    <ClInclude Include="..\..\inc\libCoreServiceKit\message_ptr.h">
      <Filter>inc</Filter>
    </ClInclude>
    <ClInclude Include="..\..\inc\libCoreServiceKit\coroutine.h">
      <Filter>inc</Filter>
    </ClInclude>
    <ClInclude Include="coroutine_impl.h">
      <Filter>src</Filter>
    </ClInclude>
    <ClInclude Include="coroutine_mgr.h">
      <Filter>src</Filter>
    </ClInclude>
    <ClInclude Include="..\..\inc\libCoreServiceKit\service_message_registry.h">
      <Filter>inc</Filter>
    </ClInclude>
    <ClInclude Include="..\..\inc\libCoreServiceKit\actor_message_registry.h">
      <Filter>inc\actor</Filter>
    </ClInclude>
    <ClInclude Include="..\..\inc\libCoreServiceKit\base_actor.h">
      <Filter>inc\actor</Filter>
    </ClInclude>
    <ClInclude Include="core_connection_other_node.h">
      <Filter>src</Filter>
    </ClInclude>
    <ClInclude Include="core_other_node_proxy.h">
      <Filter>src</Filter>
    </ClInclude>
    <ClInclude Include="node_connection_factory.h">
      <Filter>src</Filter>
    </ClInclude>
  </ItemGroup>
  <ItemGroup>
    <ClCompile Include="stdafx.cpp">
      <Filter>src</Filter>
    </ClCompile>
    <ClCompile Include="cluster_invoker.cpp">
      <Filter>src</Filter>
    </ClCompile>
    <ClCompile Include="core_connection_to_master.cpp">
      <Filter>src</Filter>
    </ClCompile>
    <ClCompile Include="message_dispatcher.cpp">
      <Filter>src</Filter>
    </ClCompile>
    <ClCompile Include="protobuf_helper.cpp">
      <Filter>src</Filter>
    </ClCompile>
    <ClCompile Include="transporter.cpp">
      <Filter>src</Filter>
    </ClCompile>
    <ClCompile Include="scheduler.cpp">
      <Filter>src</Filter>
    </ClCompile>
    <ClCompile Include="core_service_app.cpp">
      <Filter>src</Filter>
    </ClCompile>
    <ClCompile Include="core_service_app_impl.cpp">
      <Filter>src</Filter>
    </ClCompile>
    <ClCompile Include="base_actor_impl.cpp">
      <Filter>src</Filter>
    </ClCompile>
    <ClCompile Include="base_actor.cpp">
      <Filter>src</Filter>
    </ClCompile>
    <ClCompile Include="core_message_registry.cpp">
      <Filter>src</Filter>
    </ClCompile>
    <ClCompile Include="native_serialize_adapter.cpp">
      <Filter>src</Filter>
    </ClCompile>
    <ClCompile Include="coroutine.cpp">
      <Filter>src</Filter>
    </ClCompile>
    <ClCompile Include="coroutine_impl.cpp">
      <Filter>src</Filter>
    </ClCompile>
    <ClCompile Include="coroutine_mgr.cpp">
      <Filter>src</Filter>
    </ClCompile>
    <ClCompile Include="core_connection_other_node.cpp">
      <Filter>src</Filter>
    </ClCompile>
    <ClCompile Include="core_other_node_proxy.cpp">
      <Filter>src</Filter>
    </ClCompile>
    <ClCompile Include="node_connection_factory.cpp">
      <Filter>src</Filter>
    </ClCompile>
  </ItemGroup>
  <ItemGroup>
    <None Include="..\..\inc\libCoreServiceKit\future.inl">
      <Filter>inc</Filter>
    </None>
    <None Include="..\..\inc\libCoreServiceKit\promise.inl">
      <Filter>inc</Filter>
    </None>
    <None Include="..\..\inc\libCoreServiceKit\cluster_invoker.inl">
      <Filter>inc</Filter>
    </None>
    <None Include="..\..\inc\libCoreServiceKit\message_ptr.inl">
      <Filter>inc</Filter>
    </None>
    <None Include="context_linux.S">
      <Filter>src</Filter>
    </None>
    <None Include="..\..\inc\libCoreServiceKit\service_message_registry.inl">
      <Filter>inc</Filter>
    </None>
    <None Include="..\..\inc\libCoreServiceKit\actor_message_registry.inl">
      <Filter>inc\actor</Filter>
    </None>
    <None Include="..\..\inc\libCoreServiceKit\base_actor.inl">
      <Filter>inc\actor</Filter>
    </None>
  </ItemGroup>
</Project>