<?xml version="1.0" encoding="utf-8"?>
<Project ToolsVersion="4.0" xmlns="http://schemas.microsoft.com/developer/msbuild/2003">
  <ItemGroup>
    <Filter Include="src">
      <UniqueIdentifier>{0741f98f-fe11-4f1e-b969-fe128e611f7b}</UniqueIdentifier>
    </Filter>
    <Filter Include="inc">
      <UniqueIdentifier>{87d42d27-ee9d-4c1e-84c3-25e6f2caec3f}</UniqueIdentifier>
    </Filter>
  </ItemGroup>
  <ItemGroup>
    <ClInclude Include="..\..\inc\libBaseCommon\noncopyable.h">
      <Filter>inc</Filter>
    </ClInclude>
    <ClInclude Include="..\..\inc\libBaseCommon\vector_map.h">
      <Filter>inc</Filter>
    </ClInclude>
    <ClInclude Include="..\..\inc\libBaseCommon\debug_helper.h">
      <Filter>inc</Filter>
    </ClInclude>
    <ClInclude Include="..\..\inc\libBaseCommon\encryptor.h">
      <Filter>inc</Filter>
    </ClInclude>
    <ClInclude Include="..\..\inc\libBaseCommon\exception_handler.h">
      <Filter>inc</Filter>
    </ClInclude>
    <ClInclude Include="..\..\inc\libBaseCommon\md5.h">
      <Filter>inc</Filter>
    </ClInclude>
    <ClInclude Include="..\..\inc\libBaseCommon\rand_gen.h">
      <Filter>inc</Filter>
    </ClInclude>
    <ClInclude Include="..\..\inc\libBaseCommon\safe_queue.h">
      <Filter>inc</Filter>
    </ClInclude>
    <ClInclude Include="..\..\inc\libBaseCommon\thread_base.h">
      <Filter>inc</Filter>
    </ClInclude>
    <ClInclude Include="..\..\inc\libBaseCommon\variant.h">
      <Filter>inc</Filter>
    </ClInclude>
    <ClInclude Include="..\..\inc\libBaseCommon\vector2.h">
      <Filter>inc</Filter>
    </ClInclude>
    <ClInclude Include="stdafx.h">
      <Filter>src</Filter>
    </ClInclude>
    <ClInclude Include="..\..\inc\libBaseCommon\base_common.h">
      <Filter>inc</Filter>
    </ClInclude>
    <ClInclude Include="..\..\inc\libBaseCommon\logger.h">
      <Filter>inc</Filter>
    </ClInclude>
    <ClInclude Include="..\..\inc\libBaseCommon\profiling.h">
      <Filter>inc</Filter>
    </ClInclude>
    <ClInclude Include="..\..\inc\libBaseCommon\token_parser.h">
      <Filter>inc</Filter>
    </ClInclude>
    <ClInclude Include="..\..\inc\libBaseCommon\defer.h">
      <Filter>inc</Filter>
    </ClInclude>
    <ClInclude Include="..\..\inc\libBaseCommon\noninheritable.h">
      <Filter>inc</Filter>
    </ClInclude>
    <ClInclude Include="..\..\inc\libBaseCommon\singleton.h">
      <Filter>inc</Filter>
    </ClInclude>
    <ClInclude Include="..\..\inc\libBaseCommon\link.h">
      <Filter>inc</Filter>
    </ClInclude>
    <ClInclude Include="..\..\inc\libBaseCommon\circle_queue.h">
      <Filter>inc</Filter>
    </ClInclude>
    <ClInclude Include="..\..\inc\libBaseCommon\memory_hook.h">
      <Filter>inc</Filter>
    </ClInclude>
    <ClInclude Include="..\..\inc\libBaseCommon\spin_lock.h">
      <Filter>inc</Filter>
    </ClInclude>
    <ClInclude Include="..\..\inc\libBaseCommon\base64.h">
      <Filter>inc</Filter>
    </ClInclude>
    <ClInclude Include="..\..\inc\libBaseCommon\sha1.h">
      <Filter>inc</Filter>
    </ClInclude>
    <ClInclude Include="..\..\inc\libBaseCommon\process_util.h">
      <Filter>inc</Filter>
    </ClInclude>
    <ClInclude Include="..\..\inc\libBaseCommon\file_util.h">
      <Filter>inc</Filter>
    </ClInclude>
    <ClInclude Include="..\..\inc\libBaseCommon\utf8.h">
      <Filter>inc</Filter>
    </ClInclude>
    <ClInclude Include="..\..\inc\libBaseCommon\string_util.h">
      <Filter>inc</Filter>
    </ClInclude>
    <ClInclude Include="..\..\inc\libBaseCommon\time_util.h">
      <Filter>inc</Filter>
    </ClInclude>
    <ClInclude Include="..\..\inc\libBaseCommon\function_util.h">
      <Filter>inc</Filter>
    </ClInclude>
    <ClInclude Include="..\..\inc\libBaseCommon\crc32.h">
      <Filter>inc</Filter>
    </ClInclude>
    <ClInclude Include="..\..\inc\libBaseCommon\csv_parser.h">
      <Filter>inc</Filter>
    </ClInclude>
    <ClInclude Include="..\..\inc\libBaseCommon\rw_lock.h">
      <Filter>inc</Filter>
    </ClInclude>
    <ClInclude Include="..\..\inc\libBaseCommon\ticker.h">
      <Filter>inc</Filter>
    </ClInclude>
    <ClInclude Include="ticker_mgr_impl.h">
      <Filter>src</Filter>
    </ClInclude>
  </ItemGroup>
  <ItemGroup>
    <ClCompile Include="encryptor.cpp">
      <Filter>src</Filter>
    </ClCompile>
    <ClCompile Include="md5.cpp">
      <Filter>src</Filter>
    </ClCompile>
    <ClCompile Include="stdafx.cpp">
      <Filter>src</Filter>
    </ClCompile>
    <ClCompile Include="variant.cpp">
      <Filter>src</Filter>
    </ClCompile>
    <ClCompile Include="exception_handler.cpp">
      <Filter>src</Filter>
    </ClCompile>
    <ClCompile Include="rand_gen.cpp">
      <Filter>src</Filter>
    </ClCompile>
    <ClCompile Include="thread_base.cpp">
      <Filter>src</Filter>
    </ClCompile>
    <ClCompile Include="logger.cpp">
      <Filter>src</Filter>
    </ClCompile>
    <ClCompile Include="profiling.cpp">
      <Filter>src</Filter>
    </ClCompile>
    <ClCompile Include="buf_file.cpp">
      <Filter>src</Filter>
    </ClCompile>
    <ClCompile Include="memory_hook.cpp">
      <Filter>src</Filter>
    </ClCompile>
    <ClCompile Include="token_parser.cpp">
      <Filter>src</Filter>
    </ClCompile>
    <ClCompile Include="base64.cpp">
      <Filter>src</Filter>
    </ClCompile>
    <ClCompile Include="sha1.cpp">
      <Filter>src</Filter>
    </ClCompile>
    <ClCompile Include="process_util.cpp">
      <Filter>src</Filter>
    </ClCompile>
    <ClCompile Include="file_util.cpp">
      <Filter>src</Filter>
    </ClCompile>
    <ClCompile Include="utf8.cpp">
      <Filter>src</Filter>
    </ClCompile>
    <ClCompile Include="time_util.cpp">
      <Filter>src</Filter>
    </ClCompile>
    <ClCompile Include="function_util.cpp">
      <Filter>src</Filter>
    </ClCompile>
    <ClCompile Include="crc32.cpp">
      <Filter>src</Filter>
    </ClCompile>
    <ClCompile Include="csv_parser.cpp">
      <Filter>src</Filter>
    </ClCompile>
    <ClCompile Include="memory_new.cpp">
      <Filter>src</Filter>
    </ClCompile>
    <ClCompile Include="ticker.cpp">
      <Filter>src</Filter>
    </ClCompile>
    <ClCompile Include="ticker_mgr_impl.cpp">
      <Filter>src</Filter>
    </ClCompile>
  </ItemGroup>
  <ItemGroup>
    <None Include="..\..\inc\libBaseCommon\link.inl">
      <Filter>inc</Filter>
    </None>
    <None Include="..\..\inc\libBaseCommon\circle_queue.inl">
      <Filter>inc</Filter>
    </None>
    <None Include="..\..\inc\libBaseCommon\string_util.inl">
      <Filter>inc</Filter>
    </None>
    <None Include="..\..\inc\libBaseCommon\string_format.inl">
      <Filter>inc</Filter>
    </None>
  </ItemGroup>
</Project>